source: T-Bank Invest API proto contracts
source_url: https://opensource.tbank.ru/invest/invest-contracts.git
downloaded_at: 2026-09-17
source_revision: 798f880d8010ef4fffe74d0f63d7e5a0d57f23f7
source_revision_date: 2026-09-11T08:34:16Z
source_revision_subject: Release_1.51
notes:
  - Vendored snapshot for tbank-nt-community v0.1.0.
  - File checksums are pinned in proto/contracts.sha256.
  - Update only through a separate task.
  - Official GitLab contracts include signals.proto and google/api/field_behavior.proto.
